
Microsoft Visual Studio Solution File, Format Version 12.00
# Visual Studio Version 17
VisualStudioVersion = 17.4.33213.308
MinimumVisualStudioVersion = 10.0.40219.1
Project("{8BC9CEB8-8B4A-11D0-8D11-00A0C91BC942}") = "Task 2", "Task 2\Task 2.vcxproj", "{FCA492C1-015C-4726-9E40-4C3A8C723298}"
EndProject
Global
	GlobalSection(SolutionConfigurationPlatforms) = preSolution
		Debug|x64 = Debug|x64
		Debug|x86 = Debug|x86
		Release|x64 = Release|x64
		Release|x86 = Release|x86
	EndGlobalSection
	GlobalSection(ProjectConfigurationPlatforms) = postSolution
		{FCA492C1-015C-4726-9E40-4C3A8C723298}.Debug|x64.ActiveCfg = Debug|x64
		{FCA492C1-015C-4726-9E40-4C3A8C723298}.Debug|x64.Build.0 = Debug|x64
		{FCA492C1-015C-4726-9E40-4C3A8C723298}.Debug|x86.ActiveCfg = Debug|Win32
		{FCA492C1-015C-4726-9E40-4C3A8C723298}.Debug|x86.Build.0 = Debug|Win32
		{FCA492C1-015C-4726-9E40-4C3A8C723298}.Release|x64.ActiveCfg = Release|x64
		{FCA492C1-015C-4726-9E40-4C3A8C723298}.Release|x64.Build.0 = Release|x64
		{FCA492C1-015C-4726-9E40-4C3A8C723298}.Release|x86.ActiveCfg = Release|Win32
		{FCA492C1-015C-4726-9E40-4C3A8C723298}.Release|x86.Build.0 = Release|Win32
	EndGlobalSection
	GlobalSection(SolutionProperties) = preSolution
		HideSolutionNode = FALSE
	EndGlobalSection
	GlobalSection(ExtensibilityGlobals) = postSolution
		SolutionGuid = {014D78AF-DC49-41F6-B2DA-D90D674275EE}
	EndGlobalSection
EndGlobal
